
Microsoft Visual Studio Solution File, Format Version 12.00
# Visual Studio 14
VisualStudioVersion = 14.0.24720.0
MinimumVisualStudioVersion = 10.0.40219.1
Project("{FAE04EC0-301F-11D3-BF4B-00C04F79EFBC}") = "NowFresh3", "NowFresh3\NowFresh3.csproj", "{D960E964-733D-4F8E-90EC-32805514CAA8}"
EndProject
Project("{FAE04EC0-301F-11D3-BF4B-00C04F79EFBC}") = "RestModel", "RestNodel\RestModel.csproj", "{5DF54FEA-0E92-4F32-AE85-80A7B484E427}"
EndProject
Project("{FAE04EC0-301F-11D3-BF4B-00C04F79EFBC}") = "TestTheMongo", "TestTheMongo\TestTheMongo.csproj", "{0901AC43-69FD-4B46-9B2C-AA5FBCD850ED}"
EndProject
Project("{FAE04EC0-301F-11D3-BF4B-00C04F79EFBC}") = "OldDays", "OldDays\OldDays.csproj", "{95C180CF-DE32-4396-9A02-DB7F2DE83D9B}"
EndProject
Project("{FAE04EC0-301F-11D3-BF4B-00C04F79EFBC}") = "ANGULAR", "ANGULAR\ANGULAR.csproj", "{8BA41284-FF39-4F88-AA4F-84A203AF6C5E}"
EndProject
Global
	GlobalSection(SolutionConfigurationPlatforms) = preSolution
		Debug|Any CPU = Debug|Any CPU
		Release|Any CPU = Release|Any CPU
	EndGlobalSection
	GlobalSection(ProjectConfigurationPlatforms) = postSolution
		{D960E964-733D-4F8E-90EC-32805514CAA8}.Debug|Any CPU.ActiveCfg = Debug|Any CPU
		{D960E964-733D-4F8E-90EC-32805514CAA8}.Debug|Any CPU.Build.0 = Debug|Any CPU
		{D960E964-733D-4F8E-90EC-32805514CAA8}.Release|Any CPU.ActiveCfg = Release|Any CPU
		{D960E964-733D-4F8E-90EC-32805514CAA8}.Release|Any CPU.Build.0 = Release|Any CPU
		{5DF54FEA-0E92-4F32-AE85-80A7B484E427}.Debug|Any CPU.ActiveCfg = Debug|Any CPU
		{5DF54FEA-0E92-4F32-AE85-80A7B484E427}.Debug|Any CPU.Build.0 = Debug|Any CPU
		{5DF54FEA-0E92-4F32-AE85-80A7B484E427}.Release|Any CPU.ActiveCfg = Release|Any CPU
		{5DF54FEA-0E92-4F32-AE85-80A7B484E427}.Release|Any CPU.Build.0 = Release|Any CPU
		{0901AC43-69FD-4B46-9B2C-AA5FBCD850ED}.Debug|Any CPU.ActiveCfg = Debug|Any CPU
		{0901AC43-69FD-4B46-9B2C-AA5FBCD850ED}.Debug|Any CPU.Build.0 = Debug|Any CPU
		{0901AC43-69FD-4B46-9B2C-AA5FBCD850ED}.Release|Any CPU.ActiveCfg = Release|Any CPU
		{0901AC43-69FD-4B46-9B2C-AA5FBCD850ED}.Release|Any CPU.Build.0 = Release|Any CPU
		{95C180CF-DE32-4396-9A02-DB7F2DE83D9B}.Debug|Any CPU.ActiveCfg = Debug|Any CPU
		{95C180CF-DE32-4396-9A02-DB7F2DE83D9B}.Debug|Any CPU.Build.0 = Debug|Any CPU
		{95C180CF-DE32-4396-9A02-DB7F2DE83D9B}.Release|Any CPU.ActiveCfg = Release|Any CPU
		{95C180CF-DE32-4396-9A02-DB7F2DE83D9B}.Release|Any CPU.Build.0 = Release|Any CPU
		{8BA41284-FF39-4F88-AA4F-84A203AF6C5E}.Debug|Any CPU.ActiveCfg = Debug|Any CPU
		{8BA41284-FF39-4F88-AA4F-84A203AF6C5E}.Debug|Any CPU.Build.0 = Debug|Any CPU
		{8BA41284-FF39-4F88-AA4F-84A203AF6C5E}.Release|Any CPU.ActiveCfg = Release|Any CPU
		{8BA41284-FF39-4F88-AA4F-84A203AF6C5E}.Release|Any CPU.Build.0 = Release|Any CPU
	EndGlobalSection
	GlobalSection(SolutionProperties) = preSolution
		HideSolutionNode = FALSE
	EndGlobalSection
EndGlobal
